// !$*UTF8*$!
{
	archiveVersion = 1;
	classes = {
	};
	objectVersion = 56;
	objects = {

/* Begin PBXBuildFile section */
		4E1B7707296CA9560006C932 /* RecipeAPI.swift in Sources */ = {isa = PBXBuildFile; fileRef = 4E1B7706296CA9560006C932 /* RecipeAPI.swift */; };
		4E1B7708296CA9560006C932 /* RecipeAPI.swift in Sources */ = {isa = PBXBuildFile; fileRef = 4E1B7706296CA9560006C932 /* RecipeAPI.swift */; };
		4E1B770A296CA9C20006C932 /* RecipeModel.swift in Sources */ = {isa = PBXBuildFile; fileRef = 4E1B7709296CA9C20006C932 /* RecipeModel.swift */; };
		4E1B770B296CA9C20006C932 /* RecipeModel.swift in Sources */ = {isa = PBXBuildFile; fileRef = 4E1B7709296CA9C20006C932 /* RecipeModel.swift */; };
		4E8847A7296AD27D000B00E9 /* RecipeAppApp.swift in Sources */ = {isa = PBXBuildFile; fileRef = 4E8847A6296AD27D000B00E9 /* RecipeAppApp.swift */; };
		4E8847A9296AD27D000B00E9 /* ContentView.swift in Sources */ = {isa = PBXBuildFile; fileRef = 4E8847A8296AD27D000B00E9 /* ContentView.swift */; };
		4E8847AB296AD27E000B00E9 /* Assets.xcassets in Resources */ = {isa = PBXBuildFile; fileRef = 4E8847AA296AD27E000B00E9 /* Assets.xcassets */; };
		4E8847AE296AD27E000B00E9 /* Preview Assets.xcassets in Resources */ = {isa = PBXBuildFile; fileRef = 4E8847AD296AD27E000B00E9 /* Preview Assets.xcassets */; };
		4E8847B0296AD27E000B00E9 /* Persistence.swift in Sources */ = {isa = PBXBuildFile; fileRef = 4E8847AF296AD27E000B00E9 /* Persistence.swift */; };
		4E8847B3296AD27E000B00E9 /* RecipeApp.xcdatamodeld in Sources */ = {isa = PBXBuildFile; fileRef = 4E8847B1296AD27E000B00E9 /* RecipeApp.xcdatamodeld */; };
		4E8847BE296AD27E000B00E9 /* RecipeAppTests.swift in Sources */ = {isa = PBXBuildFile; fileRef = 4E8847BD296AD27E000B00E9 /* RecipeAppTests.swift */; };
		4E8847C8296AD27E000B00E9 /* RecipeAppUITests.swift in Sources */ = {isa = PBXBuildFile; fileRef = 4E8847C7296AD27E000B00E9 /* RecipeAppUITests.swift */; };
		4E8847CA296AD27E000B00E9 /* RecipeAppUITestsLaunchTests.swift in Sources */ = {isa = PBXBuildFile; fileRef = 4E8847C9296AD27E000B00E9 /* RecipeAppUITestsLaunchTests.swift */; };
		4E8847E0296B5274000B00E9 /* HomeView.swift in Sources */ = {isa = PBXBuildFile; fileRef = 4E8847DF296B5274000B00E9 /* HomeView.swift */; };
		4E8847E1296B5274000B00E9 /* HomeView.swift in Sources */ = {isa = PBXBuildFile; fileRef = 4E8847DF296B5274000B00E9 /* HomeView.swift */; };
		4E8847E4296B52B0000B00E9 /* NewRecipeView.swift in Sources */ = {isa = PBXBuildFile; fileRef = 4E8847E3296B52B0000B00E9 /* NewRecipeView.swift */; };
		4E8847E5296B52B0000B00E9 /* NewRecipeView.swift in Sources */ = {isa = PBXBuildFile; fileRef = 4E8847E3296B52B0000B00E9 /* NewRecipeView.swift */; };
		4E8847E7296B52C2000B00E9 /* MapView.swift in Sources */ = {isa = PBXBuildFile; fileRef = 4E8847E6296B52C2000B00E9 /* MapView.swift */; };
		4E8847E8296B52C2000B00E9 /* MapView.swift in Sources */ = {isa = PBXBuildFile; fileRef = 4E8847E6296B52C2000B00E9 /* MapView.swift */; };
		4E8847EA296B56BF000B00E9 /* TabBar.swift in Sources */ = {isa = PBXBuildFile; fileRef = 4E8847E9296B56BF000B00E9 /* TabBar.swift */; };
		4E8847EB296B56BF000B00E9 /* TabBar.swift in Sources */ = {isa = PBXBuildFile; fileRef = 4E8847E9296B56BF000B00E9 /* TabBar.swift */; };
/* End PBXBuildFile section */

/* Begin PBXContainerItemProxy section */
		4E8847BA296AD27E000B00E9 /* PBXContainerItemProxy */ = {
			isa = PBXContainerItemProxy;
			containerPortal = 4E88479B296AD27D000B00E9 /* Project object */;
			proxyType = 1;
			remoteGlobalIDString = 4E8847A2296AD27D000B00E9;
			remoteInfo = RecipeApp;
		};
		4E8847C4296AD27E000B00E9 /* PBXContainerItemProxy */ = {
			isa = PBXContainerItemProxy;
			containerPortal = 4E88479B296AD27D000B00E9 /* Project object */;
			proxyType = 1;
			remoteGlobalIDString = 4E8847A2296AD27D000B00E9;
			remoteInfo = RecipeApp;
		};
/* End PBXContainerItemProxy section */

/* Begin PBXFileReference section */
		4E1B7705296C33320006C932 /* MyPlayground.playground */ = {isa = PBXFileReference; lastKnownFileType = file.playground; path = MyPlayground.playground; sourceTree = "<group>"; xcLanguageSpecificationIdentifier = xcode.lang.swift; };
		4E1B7706296CA9560006C932 /* RecipeAPI.swift */ = {isa = PBXFileReference; lastKnownFileType = sourcecode.swift; path = RecipeAPI.swift; sourceTree = "<group>"; };
		4E1B7709296CA9C20006C932 /* RecipeModel.swift */ = {isa = PBXFileReference; lastKnownFileType = sourcecode.swift; path = RecipeModel.swift; sourceTree = "<group>"; };
		4E8847A3296AD27D000B00E9 /* RecipeApp.app */ = {isa = PBXFileReference; explicitFileType = wrapper.application; includeInIndex = 0; path = RecipeApp.app; sourceTree = BUILT_PRODUCTS_DIR; };
		4E8847A6296AD27D000B00E9 /* RecipeAppApp.swift */ = {isa = PBXFileReference; lastKnownFileType = sourcecode.swift; path = RecipeAppApp.swift; sourceTree = "<group>"; };
		4E8847A8296AD27D000B00E9 /* ContentView.swift */ = {isa = PBXFileReference; lastKnownFileType = sourcecode.swift; path = ContentView.swift; sourceTree = "<group>"; };
		4E8847AA296AD27E000B00E9 /* Assets.xcassets */ = {isa = PBXFileReference; lastKnownFileType = folder.assetcatalog; path = Assets.xcassets; sourceTree = "<group>"; };
		4E8847AD296AD27E000B00E9 /* Preview Assets.xcassets */ = {isa = PBXFileReference; lastKnownFileType = folder.assetcatalog; path = "Preview Assets.xcassets"; sourceTree = "<group>"; };
		4E8847AF296AD27E000B00E9 /* Persistence.swift */ = {isa = PBXFileReference; lastKnownFileType = sourcecode.swift; path = Persistence.swift; sourceTree = "<group>"; };
		4E8847B2296AD27E000B00E9 /* RecipeApp.xcdatamodel */ = {isa = PBXFileReference; lastKnownFileType = wrapper.xcdatamodel; path = RecipeApp.xcdatamodel; sourceTree = "<group>"; };
		4E8847B4296AD27E000B00E9 /* Info.plist */ = {isa = PBXFileReference; lastKnownFileType = text.plist.xml; path = Info.plist; sourceTree = "<group>"; };
		4E8847B9296AD27E000B00E9 /* RecipeAppTests.xctest */ = {isa = PBXFileReference; explicitFileType = wrapper.cfbundle; includeInIndex = 0; path = RecipeAppTests.xctest; sourceTree = BUILT_PRODUCTS_DIR; };
		4E8847BD296AD27E000B00E9 /* RecipeAppTests.swift */ = {isa = PBXFileReference; lastKnownFileType = sourcecode.swift; path = RecipeAppTests.swift; sourceTree = "<group>"; };
		4E8847C3296AD27E000B00E9 /* RecipeAppUITests.xctest */ = {isa = PBXFileReference; explicitFileType = wrapper.cfbundle; includeInIndex = 0; path = RecipeAppUITests.xctest; sourceTree = BUILT_PRODUCTS_DIR; };
		4E8847C7296AD27E000B00E9 /* RecipeAppUITests.swift */ = {isa = PBXFileReference; lastKnownFileType = sourcecode.swift; path = RecipeAppUITests.swift; sourceTree = "<group>"; };
		4E8847C9296AD27E000B00E9 /* RecipeAppUITestsLaunchTests.swift */ = {isa = PBXFileReference; lastKnownFileType = sourcecode.swift; path = RecipeAppUITestsLaunchTests.swift; sourceTree = "<group>"; };
		4E8847DF296B5274000B00E9 /* HomeView.swift */ = {isa = PBXFileReference; lastKnownFileType = sourcecode.swift; path = HomeView.swift; sourceTree = "<group>"; };
		4E8847E3296B52B0000B00E9 /* NewRecipeView.swift */ = {isa = PBXFileReference; lastKnownFileType = sourcecode.swift; path = NewRecipeView.swift; sourceTree = "<group>"; };
		4E8847E6296B52C2000B00E9 /* MapView.swift */ = {isa = PBXFileReference; lastKnownFileType = sourcecode.swift; path = MapView.swift; sourceTree = "<group>"; };
		4E8847E9296B56BF000B00E9 /* TabBar.swift */ = {isa = PBXFileReference; lastKnownFileType = sourcecode.swift; path = TabBar.swift; sourceTree = "<group>"; };
/* End PBXFileReference section */

/* Begin PBXFrameworksBuildPhase section */
		4E8847A0296AD27D000B00E9 /* Frameworks */ = {
			isa = PBXFrameworksBuildPhase;
			buildActionMask = 2147483647;
			files = (
			);
			runOnlyForDeploymentPostprocessing = 0;
		};
		4E8847B6296AD27E000B00E9 /* Frameworks */ = {
			isa = PBXFrameworksBuildPhase;
			buildActionMask = 2147483647;
			files = (
			);
			runOnlyForDeploymentPostprocessing = 0;
		};
		4E8847C0296AD27E000B00E9 /* Frameworks */ = {
			isa = PBXFrameworksBuildPhase;
			buildActionMask = 2147483647;
			files = (
			);
			runOnlyForDeploymentPostprocessing = 0;
		};
/* End PBXFrameworksBuildPhase section */

/* Begin PBXGroup section */
		4E88479A296AD27D000B00E9 = {
			isa = PBXGroup;
			children = (
				4E8847A5296AD27D000B00E9 /* RecipeApp */,
				4E8847BC296AD27E000B00E9 /* RecipeAppTests */,
				4E8847C6296AD27E000B00E9 /* RecipeAppUITests */,
				4E8847A4296AD27D000B00E9 /* Products */,
			);
			sourceTree = "<group>";
		};
		4E8847A4296AD27D000B00E9 /* Products */ = {
			isa = PBXGroup;
			children = (
				4E8847A3296AD27D000B00E9 /* RecipeApp.app */,
				4E8847B9296AD27E000B00E9 /* RecipeAppTests.xctest */,
				4E8847C3296AD27E000B00E9 /* RecipeAppUITests.xctest */,
			);
			name = Products;
			sourceTree = "<group>";
		};
		4E8847A5296AD27D000B00E9 /* RecipeApp */ = {
			isa = PBXGroup;
			children = (
				4E8847A6296AD27D000B00E9 /* RecipeAppApp.swift */,
				4E8847D8296B4DEC000B00E9 /* Views */,
				4E8847DD296B4EE8000B00E9 /* ViewModels */,
				4E8847DE296B4F35000B00E9 /* Models */,
				4E8847AA296AD27E000B00E9 /* Assets.xcassets */,
				4E8847AC296AD27E000B00E9 /* Preview Content */,
			);
			path = RecipeApp;
			sourceTree = "<group>";
		};
		4E8847AC296AD27E000B00E9 /* Preview Content */ = {
			isa = PBXGroup;
			children = (
				4E8847AD296AD27E000B00E9 /* Preview Assets.xcassets */,
			);
			path = "Preview Content";
			sourceTree = "<group>";
		};
		4E8847BC296AD27E000B00E9 /* RecipeAppTests */ = {
			isa = PBXGroup;
			children = (
				4E8847BD296AD27E000B00E9 /* RecipeAppTests.swift */,
			);
			path = RecipeAppTests;
			sourceTree = "<group>";
		};
		4E8847C6296AD27E000B00E9 /* RecipeAppUITests */ = {
			isa = PBXGroup;
			children = (
				4E8847C7296AD27E000B00E9 /* RecipeAppUITests.swift */,
				4E8847C9296AD27E000B00E9 /* RecipeAppUITestsLaunchTests.swift */,
			);
			path = RecipeAppUITests;
			sourceTree = "<group>";
		};
		4E8847D8296B4DEC000B00E9 /* Views */ = {
			isa = PBXGroup;
			children = (
				4E8847D9296B4E0A000B00E9 /* Main */,
				4E8847DA296B4E15000B00E9 /* Detail */,
				4E8847DB296B4E22000B00E9 /* Components */,
			);
			path = Views;
			sourceTree = "<group>";
		};
		4E8847D9296B4E0A000B00E9 /* Main */ = {
			isa = PBXGroup;
			children = (
				4E8847A8296AD27D000B00E9 /* ContentView.swift */,
				4E8847E9296B56BF000B00E9 /* TabBar.swift */,
				4E8847DF296B5274000B00E9 /* HomeView.swift */,
				4E8847E3296B52B0000B00E9 /* NewRecipeView.swift */,
				4E8847E6296B52C2000B00E9 /* MapView.swift */,
			);
			path = Main;
			sourceTree = "<group>";
		};
		4E8847DA296B4E15000B00E9 /* Detail */ = {
			isa = PBXGroup;
			children = (
			);
			path = Detail;
			sourceTree = "<group>";
		};
		4E8847DB296B4E22000B00E9 /* Components */ = {
			isa = PBXGroup;
			children = (
			);
			path = Components;
			sourceTree = "<group>";
		};
		4E8847DC296B4E8E000B00E9 /* CoreData */ = {
			isa = PBXGroup;
			children = (
				4E8847B1296AD27E000B00E9 /* RecipeApp.xcdatamodeld */,
				4E8847B4296AD27E000B00E9 /* Info.plist */,
				4E8847AF296AD27E000B00E9 /* Persistence.swift */,
			);
			path = CoreData;
			sourceTree = "<group>";
		};
		4E8847DD296B4EE8000B00E9 /* ViewModels */ = {
			isa = PBXGroup;
			children = (
			);
			path = ViewModels;
			sourceTree = "<group>";
		};
		4E8847DE296B4F35000B00E9 /* Models */ = {
			isa = PBXGroup;
			children = (
				4E1B7706296CA9560006C932 /* RecipeAPI.swift */,
				4E1B7709296CA9C20006C932 /* RecipeModel.swift */,
				4E8847DC296B4E8E000B00E9 /* CoreData */,
				4E1B7705296C33320006C932 /* MyPlayground.playground */,
			);
			path = Models;
			sourceTree = "<group>";
		};
/* End PBXGroup section */

/* Begin PBXNativeTarget section */
		4E8847A2296AD27D000B00E9 /* RecipeApp */ = {
			isa = PBXNativeTarget;
			buildConfigurationList = 4E8847CD296AD27E000B00E9 /* Build configuration list for PBXNativeTarget "RecipeApp" */;
			buildPhases = (
				4E88479F296AD27D000B00E9 /* Sources */,
				4E8847A0296AD27D000B00E9 /* Frameworks */,
				4E8847A1296AD27D000B00E9 /* Resources */,
			);
			buildRules = (
			);
			dependencies = (
			);
			name = RecipeApp;
			productName = RecipeApp;
			productReference = 4E8847A3296AD27D000B00E9 /* RecipeApp.app */;
			productType = "com.apple.product-type.application";
		};
		4E8847B8296AD27E000B00E9 /* RecipeAppTests */ = {
			isa = PBXNativeTarget;
			buildConfigurationList = 4E8847D0296AD27E000B00E9 /* Build configuration list for PBXNativeTarget "RecipeAppTests" */;
			buildPhases = (
				4E8847B5296AD27E000B00E9 /* Sources */,
				4E8847B6296AD27E000B00E9 /* Frameworks */,
				4E8847B7296AD27E000B00E9 /* Resources */,
			);
			buildRules = (
			);
			dependencies = (
				4E8847BB296AD27E000B00E9 /* PBXTargetDependency */,
			);
			name = RecipeAppTests;
			productName = RecipeAppTests;
			productReference = 4E8847B9296AD27E000B00E9 /* RecipeAppTests.xctest */;
			productType = "com.apple.product-type.bundle.unit-test";
		};
		4E8847C2296AD27E000B00E9 /* RecipeAppUITests */ = {
			isa = PBXNativeTarget;
			buildConfigurationList = 4E8847D3296AD27E000B00E9 /* Build configuration list for PBXNativeTarget "RecipeAppUITests" */;
			buildPhases = (
				4E8847BF296AD27E000B00E9 /* Sources */,
				4E8847C0296AD27E000B00E9 /* Frameworks */,
				4E8847C1296AD27E000B00E9 /* Resources */,
			);
			buildRules = (
			);
			dependencies = (
				4E8847C5296AD27E000B00E9 /* PBXTargetDependency */,
			);
			name = RecipeAppUITests;
			productName = RecipeAppUITests;
			productReference = 4E8847C3296AD27E000B00E9 /* RecipeAppUITests.xctest */;
			productType = "com.apple.product-type.bundle.ui-testing";
		};
/* End PBXNativeTarget section */

/* Begin PBXProject section */
		4E88479B296AD27D000B00E9 /* Project object */ = {
			isa = PBXProject;
			attributes = {
				BuildIndependentTargetsInParallel = 1;
				LastSwiftUpdateCheck = 1420;
				LastUpgradeCheck = 1420;
				TargetAttributes = {
					4E8847A2296AD27D000B00E9 = {
						CreatedOnToolsVersion = 14.2;
					};
					4E8847B8296AD27E000B00E9 = {
						CreatedOnToolsVersion = 14.2;
						TestTargetID = 4E8847A2296AD27D000B00E9;
					};
					4E8847C2296AD27E000B00E9 = {
						CreatedOnToolsVersion = 14.2;
						TestTargetID = 4E8847A2296AD27D000B00E9;
					};
				};
			};
			buildConfigurationList = 4E88479E296AD27D000B00E9 /* Build configuration list for PBXProject "RecipeApp" */;
			compatibilityVersion = "Xcode 14.0";
			developmentRegion = en;
			hasScannedForEncodings = 0;
			knownRegions = (
				en,
				Base,
			);
			mainGroup = 4E88479A296AD27D000B00E9;
			productRefGroup = 4E8847A4296AD27D000B00E9 /* Products */;
			projectDirPath = "";
			projectRoot = "";
			targets = (
				4E8847A2296AD27D000B00E9 /* RecipeApp */,
				4E8847B8296AD27E000B00E9 /* RecipeAppTests */,
				4E8847C2296AD27E000B00E9 /* RecipeAppUITests */,
			);
		};
/* End PBXProject section */

/* Begin PBXResourcesBuildPhase section */
		4E8847A1296AD27D000B00E9 /* Resources */ = {
			isa = PBXResourcesBuildPhase;
			buildActionMask = 2147483647;
			files = (
				4E8847AE296AD27E000B00E9 /* Preview Assets.xcassets in Resources */,
				4E8847AB296AD27E000B00E9 /* Assets.xcassets in Resources */,
			);
			runOnlyForDeploymentPostprocessing = 0;
		};
		4E8847B7296AD27E000B00E9 /* Resources */ = {
			isa = PBXResourcesBuildPhase;
			buildActionMask = 2147483647;
			files = (
			);
			runOnlyForDeploymentPostprocessing = 0;
		};
		4E8847C1296AD27E000B00E9 /* Resources */ = {
			isa = PBXResourcesBuildPhase;
			buildActionMask = 2147483647;
			files = (
			);
			runOnlyForDeploymentPostprocessing = 0;
		};
/* End PBXResourcesBuildPhase section */

/* Begin PBXSourcesBuildPhase section */
		4E88479F296AD27D000B00E9 /* Sources */ = {
			isa = PBXSourcesBuildPhase;
			buildActionMask = 2147483647;
			files = (
				4E8847E7296B52C2000B00E9 /* MapView.swift in Sources */,
				4E1B770A296CA9C20006C932 /* RecipeModel.swift in Sources */,
				4E8847B0296AD27E000B00E9 /* Persistence.swift in Sources */,
				4E1B7707296CA9560006C932 /* RecipeAPI.swift in Sources */,
				4E8847A9296AD27D000B00E9 /* ContentView.swift in Sources */,
				4E8847EA296B56BF000B00E9 /* TabBar.swift in Sources */,
				4E8847A7296AD27D000B00E9 /* RecipeAppApp.swift in Sources */,
				4E8847E4296B52B0000B00E9 /* NewRecipeView.swift in Sources */,
				4E8847E0296B5274000B00E9 /* HomeView.swift in Sources */,
				4E8847B3296AD27E000B00E9 /* RecipeApp.xcdatamodeld in Sources */,
			);
			runOnlyForDeploymentPostprocessing = 0;
		};
		4E8847B5296AD27E000B00E9 /* Sources */ = {
			isa = PBXSourcesBuildPhase;
			buildActionMask = 2147483647;
			files = (
				4E1B770B296CA9C20006C932 /* RecipeModel.swift in Sources */,
				4E8847BE296AD27E000B00E9 /* RecipeAppTests.swift in Sources */,
				4E1B7708296CA9560006C932 /* RecipeAPI.swift in Sources */,
			);
			runOnlyForDeploymentPostprocessing = 0;
		};
		4E8847BF296AD27E000B00E9 /* Sources */ = {
			isa = PBXSourcesBuildPhase;
			buildActionMask = 2147483647;
			files = (
				4E8847E1296B5274000B00E9 /* HomeView.swift in Sources */,
				4E8847CA296AD27E000B00E9 /* RecipeAppUITestsLaunchTests.swift in Sources */,
				4E8847E8296B52C2000B00E9 /* MapView.swift in Sources */,
				4E8847EB296B56BF000B00E9 /* TabBar.swift in Sources */,
				4E8847C8296AD27E000B00E9 /* RecipeAppUITests.swift in Sources */,
				4E8847E5296B52B0000B00E9 /* NewRecipeView.swift in Sources */,
			);
			runOnlyForDeploymentPostprocessing = 0;
		};
/* End PBXSourcesBuildPhase section */

/* Begin PBXTargetDependency section */
		4E8847BB296AD27E000B00E9 /* PBXTargetDependency */ = {
			isa = PBXTargetDependency;
			target = 4E8847A2296AD27D000B00E9 /* RecipeApp */;
			targetProxy = 4E8847BA296AD27E000B00E9 /* PBXContainerItemProxy */;
		};
		4E8847C5296AD27E000B00E9 /* PBXTargetDependency */ = {
			isa = PBXTargetDependency;
			target = 4E8847A2296AD27D000B00E9 /* RecipeApp */;
			targetProxy = 4E8847C4296AD27E000B00E9 /* PBXContainerItemProxy */;
		};
/* End PBXTargetDependency section */

/* Begin XCBuildConfiguration section */
		4E8847CB296AD27E000B00E9 /* Debug */ = {
			isa = XCBuildConfiguration;
			buildSettings = {
				ALWAYS_SEARCH_USER_PATHS = NO;
				CLANG_ANALYZER_NONNULL = YES;
				CLANG_ANALYZER_NUMBER_OBJECT_CONVERSION = YES_AGGRESSIVE;
				CLANG_CXX_LANGUAGE_STANDARD = "gnu++20";
				CLANG_ENABLE_MODULES = YES;
				CLANG_ENABLE_OBJC_ARC = YES;
				CLANG_ENABLE_OBJC_WEAK = YES;
				CLANG_WARN_BLOCK_CAPTURE_AUTORELEASING = YES;
				CLANG_WARN_BOOL_CONVERSION = YES;
				CLANG_WARN_COMMA = YES;
				CLANG_WARN_CONSTANT_CONVERSION = YES;
				CLANG_WARN_DEPRECATED_OBJC_IMPLEMENTATIONS = YES;
				CLANG_WARN_DIRECT_OBJC_ISA_USAGE = YES_ERROR;
				CLANG_WARN_DOCUMENTATION_COMMENTS = YES;
				CLANG_WARN_EMPTY_BODY = YES;
				CLANG_WARN_ENUM_CONVERSION = YES;
				CLANG_WARN_INFINITE_RECURSION = YES;
				CLANG_WARN_INT_CONVERSION = YES;
				CLANG_WARN_NON_LITERAL_NULL_CONVERSION = YES;
				CLANG_WARN_OBJC_IMPLICIT_RETAIN_SELF = YES;
				CLANG_WARN_OBJC_LITERAL_CONVERSION = YES;
				CLANG_WARN_OBJC_ROOT_CLASS = YES_ERROR;
				CLANG_WARN_QUOTED_INCLUDE_IN_FRAMEWORK_HEADER = YES;
				CLANG_WARN_RANGE_LOOP_ANALYSIS = YES;
				CLANG_WARN_STRICT_PROTOTYPES = YES;
				CLANG_WARN_SUSPICIOUS_MOVE = YES;
				CLANG_WARN_UNGUARDED_AVAILABILITY = YES_AGGRESSIVE;
				CLANG_WARN_UNREACHABLE_CODE = YES;
				CLANG_WARN__DUPLICATE_METHOD_MATCH = YES;
				COPY_PHASE_STRIP = NO;
				DEBUG_INFORMATION_FORMAT = dwarf;
				ENABLE_STRICT_OBJC_MSGSEND = YES;
				ENABLE_TESTABILITY = YES;
				GCC_C_LANGUAGE_STANDARD = gnu11;
				GCC_DYNAMIC_NO_PIC = NO;
				GCC_NO_COMMON_BLOCKS = YES;
				GCC_OPTIMIZATION_LEVEL = 0;
				GCC_PREPROCESSOR_DEFINITIONS = (
					"DEBUG=1",
					"$(inherited)",
				);
				GCC_WARN_64_TO_32_BIT_CONVERSION = YES;
				GCC_WARN_ABOUT_RETURN_TYPE = YES_ERROR;
				GCC_WARN_UNDECLARED_SELECTOR = YES;
				GCC_WARN_UNINITIALIZED_AUTOS = YES_AGGRESSIVE;
				GCC_WARN_UNUSED_FUNCTION = YES;
				GCC_WARN_UNUSED_VARIABLE = YES;
				IPHONEOS_DEPLOYMENT_TARGET = 16.2;
				MTL_ENABLE_DEBUG_INFO = INCLUDE_SOURCE;
				MTL_FAST_MATH = YES;
				ONLY_ACTIVE_ARCH = YES;
				SDKROOT = iphoneos;
				SWIFT_ACTIVE_COMPILATION_CONDITIONS = DEBUG;
				SWIFT_OPTIMIZATION_LEVEL = "-Onone";
			};
			name = Debug;
		};
		4E8847CC296AD27E000B00E9 /* Release */ = {
			isa = XCBuildConfiguration;
			buildSettings = {
				ALWAYS_SEARCH_USER_PATHS = NO;
				CLANG_ANALYZER_NONNULL = YES;
				CLANG_ANALYZER_NUMBER_OBJECT_CONVERSION = YES_AGGRESSIVE;
				CLANG_CXX_LANGUAGE_STANDARD = "gnu++20";
				CLANG_ENABLE_MODULES = YES;
				CLANG_ENABLE_OBJC_ARC = YES;
				CLANG_ENABLE_OBJC_WEAK = YES;
				CLANG_WARN_BLOCK_CAPTURE_AUTORELEASING = YES;
				CLANG_WARN_BOOL_CONVERSION = YES;
				CLANG_WARN_COMMA = YES;
				CLANG_WARN_CONSTANT_CONVERSION = YES;
				CLANG_WARN_DEPRECATED_OBJC_IMPLEMENTATIONS = YES;
				CLANG_WARN_DIRECT_OBJC_ISA_USAGE = YES_ERROR;
				CLANG_WARN_DOCUMENTATION_COMMENTS = YES;
				CLANG_WARN_EMPTY_BODY = YES;
				CLANG_WARN_ENUM_CONVERSION = YES;
				CLANG_WARN_INFINITE_RECURSION = YES;
				CLANG_WARN_INT_CONVERSION = YES;
				CLANG_WARN_NON_LITERAL_NULL_CONVERSION = YES;
				CLANG_WARN_OBJC_IMPLICIT_RETAIN_SELF = YES;
				CLANG_WARN_OBJC_LITERAL_CONVERSION = YES;
				CLANG_WARN_OBJC_ROOT_CLASS = YES_ERROR;
				CLANG_WARN_QUOTED_INCLUDE_IN_FRAMEWORK_HEADER = YES;
				CLANG_WARN_RANGE_LOOP_ANALYSIS = YES;
				CLANG_WARN_STRICT_PROTOTYPES = YES;
				CLANG_WARN_SUSPICIOUS_MOVE = YES;
				CLANG_WARN_UNGUARDED_AVAILABILITY = YES_AGGRESSIVE;
				CLANG_WARN_UNREACHABLE_CODE = YES;
				CLANG_WARN__DUPLICATE_METHOD_MATCH = YES;
				COPY_PHASE_STRIP = NO;
				DEBUG_INFORMATION_FORMAT = "dwarf-with-dsym";
				ENABLE_NS_ASSERTIONS = NO;
				ENABLE_STRICT_OBJC_MSGSEND = YES;
				GCC_C_LANGUAGE_STANDARD = gnu11;
				GCC_NO_COMMON_BLOCKS = YES;
				GCC_WARN_64_TO_32_BIT_CONVERSION = YES;
				GCC_WARN_ABOUT_RETURN_TYPE = YES_ERROR;
				GCC_WARN_UNDECLARED_SELECTOR = YES;
				GCC_WARN_UNINITIALIZED_AUTOS = YES_AGGRESSIVE;
				GCC_WARN_UNUSED_FUNCTION = YES;
				GCC_WARN_UNUSED_VARIABLE = YES;
				IPHONEOS_DEPLOYMENT_TARGET = 16.2;
				MTL_ENABLE_DEBUG_INFO = NO;
				MTL_FAST_MATH = YES;
				SDKROOT = iphoneos;
				SWIFT_COMPILATION_MODE = wholemodule;
				SWIFT_OPTIMIZATION_LEVEL = "-O";
				VALIDATE_PRODUCT = YES;
			};
			name = Release;
		};
		4E8847CE296AD27E000B00E9 /* Debug */ = {
			isa = XCBuildConfiguration;
			buildSettings = {
				ASSETCATALOG_COMPILER_APPICON_NAME = AppIcon;
				ASSETCATALOG_COMPILER_GLOBAL_ACCENT_COLOR_NAME = AccentColor;
				CODE_SIGN_STYLE = Automatic;
				CURRENT_PROJECT_VERSION = 1;
				DEVELOPMENT_ASSET_PATHS = "\"RecipeApp/Preview Content\"";
				DEVELOPMENT_TEAM = C96UFACYM8;
				ENABLE_PREVIEWS = YES;
				GENERATE_INFOPLIST_FILE = YES;
				INFOPLIST_KEY_UIApplicationSceneManifest_Generation = YES;
				INFOPLIST_KEY_UIApplicationSupportsIndirectInputEvents = YES;
				INFOPLIST_KEY_UILaunchScreen_Generation = YES;
				INFOPLIST_KEY_UISupportedInterfaceOrientations_iPad = "UIInterfaceOrientationPortrait UIInterfaceOrientationPortraitUpsideDown UIInterfaceOrientationLandscapeLeft UIInterfaceOrientationLandscapeRight";
				INFOPLIST_KEY_UISupportedInterfaceOrientations_iPhone = "UIInterfaceOrientationPortrait UIInterfaceOrientationLandscapeLeft UIInterfaceOrientationLandscapeRight";
				LD_RUNPATH_SEARCH_PATHS = (
					"$(inherited)",
					"@executable_path/Frameworks",
				);
				MARKETING_VERSION = 1.0;
				PRODUCT_BUNDLE_IDENTIFIER = kowingto.RecipeApp;
				PRODUCT_NAME = "$(TARGET_NAME)";
				SWIFT_EMIT_LOC_STRINGS = YES;
				SWIFT_VERSION = 5.0;
				TARGETED_DEVICE_FAMILY = "1,2";
			};
			name = Debug;
		};
		4E8847CF296AD27E000B00E9 /* Release */ = {
			isa = XCBuildConfiguration;
			buildSettings = {
				ASSETCATALOG_COMPILER_APPICON_NAME = AppIcon;
				ASSETCATALOG_COMPILER_GLOBAL_ACCENT_COLOR_NAME = AccentColor;
				CODE_SIGN_STYLE = Automatic;
				CURRENT_PROJECT_VERSION = 1;
				DEVELOPMENT_ASSET_PATHS = "\"RecipeApp/Preview Content\"";
				DEVELOPMENT_TEAM = C96UFACYM8;
				ENABLE_PREVIEWS = YES;
				GENERATE_INFOPLIST_FILE = YES;
				INFOPLIST_KEY_UIApplicationSceneManifest_Generation = YES;
				INFOPLIST_KEY_UIApplicationSupportsIndirectInputEvents = YES;
				INFOPLIST_KEY_UILaunchScreen_Generation = YES;
				INFOPLIST_KEY_UISupportedInterfaceOrientations_iPad = "UIInterfaceOrientationPortrait UIInterfaceOrientationPortraitUpsideDown UIInterfaceOrientationLandscapeLeft UIInterfaceOrientationLandscapeRight";
				INFOPLIST_KEY_UISupportedInterfaceOrientations_iPhone = "UIInterfaceOrientationPortrait UIInterfaceOrientationLandscapeLeft UIInterfaceOrientationLandscapeRight";
				LD_RUNPATH_SEARCH_PATHS = (
					"$(inherited)",
					"@executable_path/Frameworks",
				);
				MARKETING_VERSION = 1.0;
				PRODUCT_BUNDLE_IDENTIFIER = kowingto.RecipeApp;
				PRODUCT_NAME = "$(TARGET_NAME)";
				SWIFT_EMIT_LOC_STRINGS = YES;
				SWIFT_VERSION = 5.0;
				TARGETED_DEVICE_FAMILY = "1,2";
			};
			name = Release;
		};
		4E8847D1296AD27E000B00E9 /* Debug */ = {
			isa = XCBuildConfiguration;
			buildSettings = {
				ALWAYS_EMBED_SWIFT_STANDARD_LIBRARIES = YES;
				BUNDLE_LOADER = "$(TEST_HOST)";
				CODE_SIGN_STYLE = Automatic;
				CURRENT_PROJECT_VERSION = 1;
				DEVELOPMENT_TEAM = C96UFACYM8;
				GENERATE_INFOPLIST_FILE = YES;
				IPHONEOS_DEPLOYMENT_TARGET = 16.2;
				MARKETING_VERSION = 1.0;
				PRODUCT_BUNDLE_IDENTIFIER = kowingto.RecipeAppTests;
				PRODUCT_NAME = "$(TARGET_NAME)";
				SWIFT_EMIT_LOC_STRINGS = NO;
				SWIFT_VERSION = 5.0;
				TARGETED_DEVICE_FAMILY = "1,2";
				TEST_HOST = "$(BUILT_PRODUCTS_DIR)/RecipeApp.app/$(BUNDLE_EXECUTABLE_FOLDER_PATH)/RecipeApp";
			};
			name = Debug;
		};
		4E8847D2296AD27E000B00E9 /* Release */ = {
			isa = XCBuildConfiguration;
			buildSettings = {
				ALWAYS_EMBED_SWIFT_STANDARD_LIBRARIES = YES;
				BUNDLE_LOADER = "$(TEST_HOST)";
				CODE_SIGN_STYLE = Automatic;
				CURRENT_PROJECT_VERSION = 1;
				DEVELOPMENT_TEAM = C96UFACYM8;
				GENERATE_INFOPLIST_FILE = YES;
				IPHONEOS_DEPLOYMENT_TARGET = 16.2;
				MARKETING_VERSION = 1.0;
				PRODUCT_BUNDLE_IDENTIFIER = kowingto.RecipeAppTests;
				PRODUCT_NAME = "$(TARGET_NAME)";
				SWIFT_EMIT_LOC_STRINGS = NO;
				SWIFT_VERSION = 5.0;
				TARGETED_DEVICE_FAMILY = "1,2";
				TEST_HOST = "$(BUILT_PRODUCTS_DIR)/RecipeApp.app/$(BUNDLE_EXECUTABLE_FOLDER_PATH)/RecipeApp";
			};
			name = Release;
		};
		4E8847D4296AD27E000B00E9 /* Debug */ = {
			isa = XCBuildConfiguration;
			buildSettings = {
				ALWAYS_EMBED_SWIFT_STANDARD_LIBRARIES = YES;
				CODE_SIGN_STYLE = Automatic;
				CURRENT_PROJECT_VERSION = 1;
				DEVELOPMENT_TEAM = C96UFACYM8;
				GENERATE_INFOPLIST_FILE = YES;
				MARKETING_VERSION = 1.0;
				PRODUCT_BUNDLE_IDENTIFIER = kowingto.RecipeAppUITests;
				PRODUCT_NAME = "$(TARGET_NAME)";
				SWIFT_EMIT_LOC_STRINGS = NO;
				SWIFT_VERSION = 5.0;
				TARGETED_DEVICE_FAMILY = "1,2";
				TEST_TARGET_NAME = RecipeApp;
			};
			name = Debug;
		};
		4E8847D5296AD27E000B00E9 /* Release */ = {
			isa = XCBuildConfiguration;
			buildSettings = {
				ALWAYS_EMBED_SWIFT_STANDARD_LIBRARIES = YES;
				CODE_SIGN_STYLE = Automatic;
				CURRENT_PROJECT_VERSION = 1;
				DEVELOPMENT_TEAM = C96UFACYM8;
				GENERATE_INFOPLIST_FILE = YES;
				MARKETING_VERSION = 1.0;
				PRODUCT_BUNDLE_IDENTIFIER = kowingto.RecipeAppUITests;
				PRODUCT_NAME = "$(TARGET_NAME)";
				SWIFT_EMIT_LOC_STRINGS = NO;
				SWIFT_VERSION = 5.0;
				TARGETED_DEVICE_FAMILY = "1,2";
				TEST_TARGET_NAME = RecipeApp;
			};
			name = Release;
		};
/* End XCBuildConfiguration section */

/* Begin XCConfigurationList section */
		4E88479E296AD27D000B00E9 /* Build configuration list for PBXProject "RecipeApp" */ = {
			isa = XCConfigurationList;
			buildConfigurations = (
				4E8847CB296AD27E000B00E9 /* Debug */,
				4E8847CC296AD27E000B00E9 /* Release */,
			);
			defaultConfigurationIsVisible = 0;
			defaultConfigurationName = Release;
		};
		4E8847CD296AD27E000B00E9 /* Build configuration list for PBXNativeTarget "RecipeApp" */ = {
			isa = XCConfigurationList;
			buildConfigurations = (
				4E8847CE296AD27E000B00E9 /* Debug */,
				4E8847CF296AD27E000B00E9 /* Release */,
			);
			defaultConfigurationIsVisible = 0;
			defaultConfigurationName = Release;
		};
		4E8847D0296AD27E000B00E9 /* Build configuration list for PBXNativeTarget "RecipeAppTests" */ = {
			isa = XCConfigurationList;
			buildConfigurations = (
				4E8847D1296AD27E000B00E9 /* Debug */,
				4E8847D2296AD27E000B00E9 /* Release */,
			);
			defaultConfigurationIsVisible = 0;
			defaultConfigurationName = Release;
		};
		4E8847D3296AD27E000B00E9 /* Build configuration list for PBXNativeTarget "RecipeAppUITests" */ = {
			isa = XCConfigurationList;
			buildConfigurations = (
				4E8847D4296AD27E000B00E9 /* Debug */,
				4E8847D5296AD27E000B00E9 /* Release */,
			);
			defaultConfigurationIsVisible = 0;
			defaultConfigurationName = Release;
		};
/* End XCConfigurationList section */

/* Begin XCVersionGroup section */
		4E8847B1296AD27E000B00E9 /* RecipeApp.xcdatamodeld */ = {
			isa = XCVersionGroup;
			children = (
				4E8847B2296AD27E000B00E9 /* RecipeApp.xcdatamodel */,
			);
			currentVersion = 4E8847B2296AD27E000B00E9 /* RecipeApp.xcdatamodel */;
			path = RecipeApp.xcdatamodeld;
			sourceTree = "<group>";
			versionGroupType = wrapper.xcdatamodel;
		};
/* End XCVersionGroup section */
	};
	rootObject = 4E88479B296AD27D000B00E9 /* Project object */;
}
